
Microsoft Visual Studio Solution File, Format Version 12.00
# Visual Studio Version 16
VisualStudioVersion = 16.0.29926.136
MinimumVisualStudioVersion = 10.0.40219.1
Project("{FAE04EC0-301F-11D3-BF4B-00C04F79EFBC}") = "VK-RMEbot", "VK-RMEbot.csproj", "{D485B5A5-2233-4295-AB7B-31BBB33DC30A}"
EndProject
Global
	GlobalSection(SolutionConfigurationPlatforms) = preSolution
		Debug|Any CPU = Debug|Any CPU
		Release|Any CPU = Release|Any CPU
	EndGlobalSection
	GlobalSection(ProjectConfigurationPlatforms) = postSolution
		{D485B5A5-2233-4295-AB7B-31BBB33DC30A}.Debug|Any CPU.ActiveCfg = Debug|Any CPU
		{D485B5A5-2233-4295-AB7B-31BBB33DC30A}.Debug|Any CPU.Build.0 = Debug|Any CPU
		{D485B5A5-2233-4295-AB7B-31BBB33DC30A}.Release|Any CPU.ActiveCfg = Release|Any CPU
		{D485B5A5-2233-4295-AB7B-31BBB33DC30A}.Release|Any CPU.Build.0 = Release|Any CPU
	EndGlobalSection
	GlobalSection(SolutionProperties) = preSolution
		HideSolutionNode = FALSE
	EndGlobalSection
	GlobalSection(ExtensibilityGlobals) = postSolution
		SolutionGuid = {CBF57D6B-F649-4DB3-98A4-F65936DE36AD}
	EndGlobalSection
	GlobalSection(TeamFoundationVersionControl) = preSolution
		SccNumberOfProjects = 2
		SccEnterpriseProvider = {4CA58AB2-18FA-4F8D-95D4-32DDF27D184C}
		SccTeamFoundationServer = https://myauu.visualstudio.com/
		SccLocalPath0 = .
		SccProjectUniqueName1 = VK-RMEbot.csproj
		SccLocalPath1 = .
	EndGlobalSection
EndGlobal
